
Microsoft Visual Studio Solution File, Format Version 12.00
# Visual Studio Version 16
VisualStudioVersion = 16.0.29111.141
MinimumVisualStudioVersion = 10.0.40219.1
Project("{9A19103F-16F7-4668-BE54-9A1E7A4F7556}") = "ArithmeticParser", "ArithmeticParser\ArithmeticParser.csproj", "{AEE04BDB-97AC-44DD-B6F4-7AC8214615FB}"
EndProject
Project("{9A19103F-16F7-4668-BE54-9A1E7A4F7556}") = "ArithmeticParser.Test", "ArithmeticParser.Test\ArithmeticParser.Test.csproj", "{31BA1B18-E2DC-432D-9D75-2744C11E937E}"
EndProject
Project("{9A19103F-16F7-4668-BE54-9A1E7A4F7556}") = "Lexer", "Lexer\Lexer.csproj", "{A783602F-FD99-438A-B861-C429F9C75063}"
EndProject
Project("{9A19103F-16F7-4668-BE54-9A1E7A4F7556}") = "Lexer.Test", "Lexer.Test\Lexer.Test.csproj", "{637A704D-5D3F-49A1-A7CA-4AD5A543CDCA}"
EndProject
Project("{FAE04EC0-301F-11D3-BF4B-00C04F79EFBC}") = "LambdaCalculusParser", "LambdaCalculusParser\LambdaCalculusParser.csproj", "{00CF7D56-DF13-4CBC-A975-F47C2F9F229F}"
EndProject
Project("{FAE04EC0-301F-11D3-BF4B-00C04F79EFBC}") = "LambdaCalculusParser.Test", "LambdaCalculusParser.Test\LambdaCalculusParser.Test.csproj", "{A39B54C6-FAA8-4E56-87A3-DF13FDA847EF}"
EndProject
Global
	GlobalSection(SolutionConfigurationPlatforms) = preSolution
		Debug|Any CPU = Debug|Any CPU
		Release|Any CPU = Release|Any CPU
	EndGlobalSection
	GlobalSection(ProjectConfigurationPlatforms) = postSolution
		{AEE04BDB-97AC-44DD-B6F4-7AC8214615FB}.Debug|Any CPU.ActiveCfg = Debug|Any CPU
		{AEE04BDB-97AC-44DD-B6F4-7AC8214615FB}.Debug|Any CPU.Build.0 = Debug|Any CPU
		{AEE04BDB-97AC-44DD-B6F4-7AC8214615FB}.Release|Any CPU.ActiveCfg = Release|Any CPU
		{AEE04BDB-97AC-44DD-B6F4-7AC8214615FB}.Release|Any CPU.Build.0 = Release|Any CPU
		{31BA1B18-E2DC-432D-9D75-2744C11E937E}.Debug|Any CPU.ActiveCfg = Debug|Any CPU
		{31BA1B18-E2DC-432D-9D75-2744C11E937E}.Debug|Any CPU.Build.0 = Debug|Any CPU
		{31BA1B18-E2DC-432D-9D75-2744C11E937E}.Release|Any CPU.ActiveCfg = Release|Any CPU
		{31BA1B18-E2DC-432D-9D75-2744C11E937E}.Release|Any CPU.Build.0 = Release|Any CPU
		{A783602F-FD99-438A-B861-C429F9C75063}.Debug|Any CPU.ActiveCfg = Debug|Any CPU
		{A783602F-FD99-438A-B861-C429F9C75063}.Debug|Any CPU.Build.0 = Debug|Any CPU
		{A783602F-FD99-438A-B861-C429F9C75063}.Release|Any CPU.ActiveCfg = Release|Any CPU
		{A783602F-FD99-438A-B861-C429F9C75063}.Release|Any CPU.Build.0 = Release|Any CPU
		{637A704D-5D3F-49A1-A7CA-4AD5A543CDCA}.Debug|Any CPU.ActiveCfg = Debug|Any CPU
		{637A704D-5D3F-49A1-A7CA-4AD5A543CDCA}.Debug|Any CPU.Build.0 = Debug|Any CPU
		{637A704D-5D3F-49A1-A7CA-4AD5A543CDCA}.Release|Any CPU.ActiveCfg = Release|Any CPU
		{637A704D-5D3F-49A1-A7CA-4AD5A543CDCA}.Release|Any CPU.Build.0 = Release|Any CPU
		{00CF7D56-DF13-4CBC-A975-F47C2F9F229F}.Debug|Any CPU.ActiveCfg = Debug|Any CPU
		{00CF7D56-DF13-4CBC-A975-F47C2F9F229F}.Debug|Any CPU.Build.0 = Debug|Any CPU
		{00CF7D56-DF13-4CBC-A975-F47C2F9F229F}.Release|Any CPU.ActiveCfg = Release|Any CPU
		{00CF7D56-DF13-4CBC-A975-F47C2F9F229F}.Release|Any CPU.Build.0 = Release|Any CPU
		{A39B54C6-FAA8-4E56-87A3-DF13FDA847EF}.Debug|Any CPU.ActiveCfg = Debug|Any CPU
		{A39B54C6-FAA8-4E56-87A3-DF13FDA847EF}.Debug|Any CPU.Build.0 = Debug|Any CPU
		{A39B54C6-FAA8-4E56-87A3-DF13FDA847EF}.Release|Any CPU.ActiveCfg = Release|Any CPU
		{A39B54C6-FAA8-4E56-87A3-DF13FDA847EF}.Release|Any CPU.Build.0 = Release|Any CPU
	EndGlobalSection
	GlobalSection(SolutionProperties) = preSolution
		HideSolutionNode = FALSE
	EndGlobalSection
	GlobalSection(ExtensibilityGlobals) = postSolution
		SolutionGuid = {3F3EA397-360A-4288-89EA-EE2347E2B1B1}
	EndGlobalSection
EndGlobal
